{
  "name": "oak-examples",
  "lockfileVersion": 2,
  "requires": true,
  "packages": {
    "": {
      "dependencies": {
        "virtual-dom": "^2.1.1"
      }
    },
    "node_modules/browser-split": {
      "version": "0.0.1",
      "resolved": "https://registry.npmjs.org/browser-split/-/browser-split-0.0.1.tgz",
      "integrity": "sha512-JhvgRb2ihQhsljNda3BI8/UcRHVzrVwo3Q+P8vDtSiyobXuFpuZ9mq+MbRGMnC22CjW3RrfXdg6j6ITX8M+7Ow=="
    },
    "node_modules/camelize": {
      "version": "1.0.1",
      "resolved": "https://registry.npmjs.org/camelize/-/camelize-1.0.1.tgz",
      "integrity": "sha512-dU+Tx2fsypxTgtLoE36npi3UqcjSSMNYfkqgmoEhtZrraP5VWq0K7FkWVTYa8eMPtnU/G2txVsfdCJTn9uzpuQ==",
      "funding": {
        "url": "https://github.com/sponsors/ljharb"
      }
    },
    "node_modules/dom-walk": {
      "version": "0.1.2",
      "resolved": "https://registry.npmjs.org/dom-walk/-/dom-walk-0.1.2.tgz",
      "integrity": "sha512-6QvTW9mrGeIegrFXdtQi9pk7O/nSK6lSdXW2eqUspN5LWD7UTji2Fqw5V2YLjBpHEoU9Xl/eUWNpDeZvoyOv2w=="
    },
    "node_modules/error": {
      "version": "4.4.0",
      "resolved": "https://registry.npmjs.org/error/-/error-4.4.0.tgz",
      "integrity": "sha512-SNDKualLUtT4StGFP7xNfuFybL2f6iJujFtrWuvJqGbVQGaN+adE23veqzPz1hjUjTunLi2EnJ+0SJxtbJreKw==",
      "dependencies": {
        "camelize": "^1.0.0",
        "string-template": "~0.2.0",
        "xtend": "~4.0.0"
      }
    },
    "node_modules/ev-store": {
      "version": "7.0.0",
      "resolved": "https://registry.npmjs.org/ev-store/-/ev-store-7.0.0.tgz",
      "integrity": "sha512-otazchNRnGzp2YarBJ+GXKVGvhxVATB1zmaStxJBYet0Dyq7A9VhH8IUEB/gRcL6Ch52lfpgPTRJ2m49epyMsQ==",
      "dependencies": {
        "individual": "^3.0.0"
      }
    },
    "node_modules/global": {
      "version": "4.4.0",
      "resolved": "https://registry.npmjs.org/global/-/global-4.4.0.tgz",
      "integrity": "sha512-wv/LAoHdRE3BeTGz53FAamhGlPLhlssK45usmGFThIi4XqnBmjKQ16u+RNbP7WvigRZDxUsM0J3gcQ5yicaL0w==",
      "dependencies": {
        "min-document": "^2.19.0",
        "process": "^0.11.10"
      }
    },
    "node_modules/individual": {
      "version": "3.0.0",
      "resolved": "https://registry.npmjs.org/individual/-/individual-3.0.0.tgz",
      "integrity": "sha512-rUY5vtT748NMRbEMrTNiFfy29BgGZwGXUi2NFUVMWQrogSLzlJvQV9eeMWi+g1aVaQ53tpyLAQtd5x/JH0Nh1g=="
    },
    "node_modules/is-object": {
      "version": "1.0.2",
      "resolved": "https://registry.npmjs.org/is-object/-/is-object-1.0.2.tgz",
      "integrity": "sha512-2rRIahhZr2UWb45fIOuvZGpFtz0TyOZLf32KxBbSoUCeZR495zCKlWUKKUByk3geS2eAs7ZAABt0Y/Rx0GiQGA==",
      "funding": {
        "url": "https://github.com/sponsors/ljharb"
      }
    },
    "node_modules/min-document": {
      "version": "2.19.0",
      "resolved": "https://registry.npmjs.org/min-document/-/min-document-2.19.0.tgz",
      "integrity": "sha512-9Wy1B3m3f66bPPmU5hdA4DR4PB2OfDU/+GS3yAB7IQozE3tqXaVv2zOjgla7MEGSRv95+ILmOuvhLkOK6wJtCQ==",
      "dependencies": {
        "dom-walk": "^0.1.0"
      }
    },
    "node_modules/next-tick": {
      "version": "0.2.2",
      "resolved": "https://registry.npmjs.org/next-tick/-/next-tick-0.2.2.tgz",
      "integrity": "sha512-f7h4svPtl+QidoBv4taKXUjJ70G2asaZ8G28nS0OkqaalX8dwwrtWtyxEDPK62AC00ur/+/E0pUwBwY5EPn15Q=="
    },
    "node_modules/process": {
      "version": "0.11.10",
      "resolved": "https://registry.npmjs.org/process/-/process-0.11.10.tgz",
      "integrity": "sha512-cdGef/drWFoydD1JsMzuFf8100nZl+GT+yacc2bEced5f9Rjk4z+WtFUTBu9PhOi9j/jfmBPu0mMEY4wIdAF8A==",
      "engines": {
        "node": ">= 0.6.0"
      }
    },
    "node_modules/string-template": {
      "version": "0.2.1",
      "resolved": "https://registry.npmjs.org/string-template/-/string-template-0.2.1.tgz",
      "integrity": "sha512-Yptehjogou2xm4UJbxJ4CxgZx12HBfeystp0y3x7s4Dj32ltVVG1Gg8YhKjHZkHicuKpZX/ffilA8505VbUbpw=="
    },
    "node_modules/virtual-dom": {
      "version": "2.1.1",
      "resolved": "https://registry.npmjs.org/virtual-dom/-/virtual-dom-2.1.1.tgz",
      "integrity": "sha512-wb6Qc9Lbqug0kRqo/iuApfBpJJAq14Sk1faAnSmtqXiwahg7PVTvWMs9L02Z8nNIMqbwsxzBAA90bbtRLbw0zg==",
      "dependencies": {
        "browser-split": "0.0.1",
        "error": "^4.3.0",
        "ev-store": "^7.0.0",
        "global": "^4.3.0",
        "is-object": "^1.0.1",
        "next-tick": "^0.2.2",
        "x-is-array": "0.1.0",
        "x-is-string": "0.1.0"
      }
    },
    "node_modules/x-is-array": {
      "version": "0.1.0",
      "resolved": "https://registry.npmjs.org/x-is-array/-/x-is-array-0.1.0.tgz",
      "integrity": "sha512-goHPif61oNrr0jJgsXRfc8oqtYzvfiMJpTqwE7Z4y9uH+T3UozkGqQ4d2nX9mB9khvA8U2o/UbPOFjgC7hLWIA=="
    },
    "node_modules/x-is-string": {
      "version": "0.1.0",
      "resolved": "https://registry.npmjs.org/x-is-string/-/x-is-string-0.1.0.tgz",
      "integrity": "sha512-GojqklwG8gpzOVEVki5KudKNoq7MbbjYZCbyWzEz7tyPA7eleiE0+ePwOWQQRb5fm86rD3S8Tc0tSFf3AOv50w=="
    },
    "node_modules/xtend": {
      "version": "4.0.2",
      "resolved": "https://registry.npmjs.org/xtend/-/xtend-4.0.2.tgz",
      "integrity": "sha512-LKYU1iAXJXUgAXn9URjiu+MWhyUXHsvfp7mcuYm9dSUKK0/CjtrUwFAxD82/mCWbtLsGjFIad0wIsod4zrTAEQ==",
      "engines": {
        "node": ">=0.4"
      }
    }
  },
  "dependencies": {
    "browser-split": {
      "version": "0.0.1",
      "resolved": "https://registry.npmjs.org/browser-split/-/browser-split-0.0.1.tgz",
      "integrity": "sha512-JhvgRb2ihQhsljNda3BI8/UcRHVzrVwo3Q+P8vDtSiyobXuFpuZ9mq+MbRGMnC22CjW3RrfXdg6j6ITX8M+7Ow=="
    },
    "camelize": {
      "version": "1.0.1",
      "resolved": "https://registry.npmjs.org/camelize/-/camelize-1.0.1.tgz",
      "integrity": "sha512-dU+Tx2fsypxTgtLoE36npi3UqcjSSMNYfkqgmoEhtZrraP5VWq0K7FkWVTYa8eMPtnU/G2txVsfdCJTn9uzpuQ=="
    },
    "dom-walk": {
      "version": "0.1.2",
      "resolved": "https://registry.npmjs.org/dom-walk/-/dom-walk-0.1.2.tgz",
      "integrity": "sha512-6QvTW9mrGeIegrFXdtQi9pk7O/nSK6lSdXW2eqUspN5LWD7UTji2Fqw5V2YLjBpHEoU9Xl/eUWNpDeZvoyOv2w=="
    },
    "error": {
      "version": "4.4.0",
      "resolved": "https://registry.npmjs.org/error/-/error-4.4.0.tgz",
      "integrity": "sha512-SNDKualLUtT4StGFP7xNfuFybL2f6iJujFtrWuvJqGbVQGaN+adE23veqzPz1hjUjTunLi2EnJ+0SJxtbJreKw==",
      "requires": {
        "camelize": "^1.0.0",
        "string-template": "~0.2.0",
        "xtend": "~4.0.0"
      }
    },
    "ev-store": {
      "version": "7.0.0",
      "resolved": "https://registry.npmjs.org/ev-store/-/ev-store-7.0.0.tgz",
      "integrity": "sha512-otazchNRnGzp2YarBJ+GXKVGvhxVATB1zmaStxJBYet0Dyq7A9VhH8IUEB/gRcL6Ch52lfpgPTRJ2m49epyMsQ==",
      "requires": {
        "individual": "^3.0.0"
      }
    },
    "global": {
      "version": "4.4.0",
      "resolved": "https://registry.npmjs.org/global/-/global-4.4.0.tgz",
      "integrity": "sha512-wv/LAoHdRE3BeTGz53FAamhGlPLhlssK45usmGFThIi4XqnBmjKQ16u+RNbP7WvigRZDxUsM0J3gcQ5yicaL0w==",
      "requires": {
        "min-document": "^2.19.0",
        "process": "^0.11.10"
      }
    },
    "individual": {
      "version": "3.0.0",
      "resolved": "https://registry.npmjs.org/individual/-/individual-3.0.0.tgz",
      "integrity": "sha512-rUY5vtT748NMRbEMrTNiFfy29BgGZwGXUi2NFUVMWQrogSLzlJvQV9eeMWi+g1aVaQ53tpyLAQtd5x/JH0Nh1g=="
    },
    "is-object": {
      "version": "1.0.2",
      "resolved": "https://registry.npmjs.org/is-object/-/is-object-1.0.2.tgz",
      "integrity": "sha512-2rRIahhZr2UWb45fIOuvZGpFtz0TyOZLf32KxBbSoUCeZR495zCKlWUKKUByk3geS2eAs7ZAABt0Y/Rx0GiQGA=="
    },
    "min-document": {
      "version": "2.19.0",
      "resolved": "https://registry.npmjs.org/min-document/-/min-document-2.19.0.tgz",
      "integrity": "sha512-9Wy1B3m3f66bPPmU5hdA4DR4PB2OfDU/+GS3yAB7IQozE3tqXaVv2zOjgla7MEGSRv95+ILmOuvhLkOK6wJtCQ==",
      "requires": {
        "dom-walk": "^0.1.0"
      }
    },
    "next-tick": {
      "version": "0.2.2",
      "resolved": "https://registry.npmjs.org/next-tick/-/next-tick-0.2.2.tgz",
      "integrity": "sha512-f7h4svPtl+QidoBv4taKXUjJ70G2asaZ8G28nS0OkqaalX8dwwrtWtyxEDPK62AC00ur/+/E0pUwBwY5EPn15Q=="
    },
    "process": {
      "version": "0.11.10",
      "resolved": "https://registry.npmjs.org/process/-/process-0.11.10.tgz",
      "integrity": "sha512-cdGef/drWFoydD1JsMzuFf8100nZl+GT+yacc2bEced5f9Rjk4z+WtFUTBu9PhOi9j/jfmBPu0mMEY4wIdAF8A=="
    },
    "string-template": {
      "version": "0.2.1",
      "resolved": "https://registry.npmjs.org/string-template/-/string-template-0.2.1.tgz",
      "integrity": "sha512-Yptehjogou2xm4UJbxJ4CxgZx12HBfeystp0y3x7s4Dj32ltVVG1Gg8YhKjHZkHicuKpZX/ffilA8505VbUbpw=="
    },
    "virtual-dom": {
      "version": "2.1.1",
      "resolved": "https://registry.npmjs.org/virtual-dom/-/virtual-dom-2.1.1.tgz",
      "integrity": "sha512-wb6Qc9Lbqug0kRqo/iuApfBpJJAq14Sk1faAnSmtqXiwahg7PVTvWMs9L02Z8nNIMqbwsxzBAA90bbtRLbw0zg==",
      "requires": {
        "browser-split": "0.0.1",
        "error": "^4.3.0",
        "ev-store": "^7.0.0",
        "global": "^4.3.0",
        "is-object": "^1.0.1",
        "next-tick": "^0.2.2",
        "x-is-array": "0.1.0",
        "x-is-string": "0.1.0"
      }
    },
    "x-is-array": {
      "version": "0.1.0",
      "resolved": "https://registry.npmjs.org/x-is-array/-/x-is-array-0.1.0.tgz",
      "integrity": "sha512-goHPif61oNrr0jJgsXRfc8oqtYzvfiMJpTqwE7Z4y9uH+T3UozkGqQ4d2nX9mB9khvA8U2o/UbPOFjgC7hLWIA=="
    },
    "x-is-string": {
      "version": "0.1.0",
      "resolved": "https://registry.npmjs.org/x-is-string/-/x-is-string-0.1.0.tgz",
      "integrity": "sha512-GojqklwG8gpzOVEVki5KudKNoq7MbbjYZCbyWzEz7tyPA7eleiE0+ePwOWQQRb5fm86rD3S8Tc0tSFf3AOv50w=="
    },
    "xtend": {
      "version": "4.0.2",
      "resolved": "https://registry.npmjs.org/xtend/-/xtend-4.0.2.tgz",
      "integrity": "sha512-LKYU1iAXJXUgAXn9URjiu+MWhyUXHsvfp7mcuYm9dSUKK0/CjtrUwFAxD82/mCWbtLsGjFIad0wIsod4zrTAEQ=="
    }
  }
}
